// !$*UTF8*$!
{
	archiveVersion = 1;
	classes = {
	};
	objectVersion = 56;
	objects = {

/* Begin PBXBuildFile section */
		1439D37E2CBFFA02008D53F5 /* GoogleService-Info.plist in Resources */ = {isa = PBXBuildFile; fileRef = 1439D37D2CBFFA02008D53F5 /* GoogleService-Info.plist */; };
		5B21FCBA2CA8A14E00F63805 /* SopCategoryView.swift in Sources */ = {isa = PBXBuildFile; fileRef = 5B21FCB92CA8A14E00F63805 /* SopCategoryView.swift */; };
		5B21FCBD2CA8A22000F63805 /* SOpCategoryHUsbandryViewModel.swift in Sources */ = {isa = PBXBuildFile; fileRef = 5B21FCBC2CA8A22000F63805 /* SOpCategoryHUsbandryViewModel.swift */; };
		5B21FCBF2CA8A2F400F63805 /* CategoryManager.swift in Sources */ = {isa = PBXBuildFile; fileRef = 5B21FCBE2CA8A2F400F63805 /* CategoryManager.swift */; };
		5B21FCC22CA8A66700F63805 /* HuabndrySOPLIstView.swift in Sources */ = {isa = PBXBuildFile; fileRef = 5B21FCC12CA8A66700F63805 /* HuabndrySOPLIstView.swift */; };
		5B21FCC42CA8A6C300F63805 /* HusbandrySOPListViewModel.swift in Sources */ = {isa = PBXBuildFile; fileRef = 5B21FCC32CA8A6C300F63805 /* HusbandrySOPListViewModel.swift */; };
		5B21FCC72CA8A7DB00F63805 /* HusbandryQuestionView.swift in Sources */ = {isa = PBXBuildFile; fileRef = 5B21FCC62CA8A7DB00F63805 /* HusbandryQuestionView.swift */; };
		5B21FCC92CA8A81700F63805 /* ScoreCardView.swift in Sources */ = {isa = PBXBuildFile; fileRef = 5B21FCC82CA8A81700F63805 /* ScoreCardView.swift */; };
		5B21FCCB2CA8A85500F63805 /* HusbandryQuestionViewModel.swift in Sources */ = {isa = PBXBuildFile; fileRef = 5B21FCCA2CA8A85500F63805 /* HusbandryQuestionViewModel.swift */; };
		5B21FCCE2CA8AB2200F63805 /* HusbandrySOPDetailView.swift in Sources */ = {isa = PBXBuildFile; fileRef = 5B21FCCD2CA8AB2200F63805 /* HusbandrySOPDetailView.swift */; };
		5B21FCD02CA8AB8500F63805 /* HusbandrySOPDetailViewModel.swift in Sources */ = {isa = PBXBuildFile; fileRef = 5B21FCCF2CA8AB8500F63805 /* HusbandrySOPDetailViewModel.swift */; };
		5B21FCD32CA8B4BC00F63805 /* HusbandrySopSearchView.swift in Sources */ = {isa = PBXBuildFile; fileRef = 5B21FCD22CA8B4BC00F63805 /* HusbandrySopSearchView.swift */; };
		5B21FCD62CA8B61A00F63805 /* HusbandryUserProfileView.swift in Sources */ = {isa = PBXBuildFile; fileRef = 5B21FCD52CA8B61A00F63805 /* HusbandryUserProfileView.swift */; };
		5B5B21AD2C8691F50043C3B4 /* VivariumSOPApp.swift in Sources */ = {isa = PBXBuildFile; fileRef = 5B5B21AC2C8691F50043C3B4 /* VivariumSOPApp.swift */; };
		5B5B21AF2C8691F50043C3B4 /* ContentView.swift in Sources */ = {isa = PBXBuildFile; fileRef = 5B5B21AE2C8691F50043C3B4 /* ContentView.swift */; };
		5B5B21B12C8691F60043C3B4 /* Assets.xcassets in Resources */ = {isa = PBXBuildFile; fileRef = 5B5B21B02C8691F60043C3B4 /* Assets.xcassets */; };
		5B5B21B52C8691F60043C3B4 /* Preview Assets.xcassets in Resources */ = {isa = PBXBuildFile; fileRef = 5B5B21B42C8691F60043C3B4 /* Preview Assets.xcassets */; };
		5B5B21BF2C8691F60043C3B4 /* VivariumSOPTests.swift in Sources */ = {isa = PBXBuildFile; fileRef = 5B5B21BE2C8691F60043C3B4 /* VivariumSOPTests.swift */; };
		5B5B21C92C8691F60043C3B4 /* VivariumSOPUITests.swift in Sources */ = {isa = PBXBuildFile; fileRef = 5B5B21C82C8691F60043C3B4 /* VivariumSOPUITests.swift */; };
		5B5B21CB2C8691F60043C3B4 /* VivariumSOPUITestsLaunchTests.swift in Sources */ = {isa = PBXBuildFile; fileRef = 5B5B21CA2C8691F60043C3B4 /* VivariumSOPUITestsLaunchTests.swift */; };
		5B5B21EB2C8694EE0043C3B4 /* User.swift in Sources */ = {isa = PBXBuildFile; fileRef = 5B5B21EA2C8694EE0043C3B4 /* User.swift */; };
		5B5B21FF2C8695B80043C3B4 /* CoreXLSX in Frameworks */ = {isa = PBXBuildFile; productRef = 5B5B21FE2C8695B80043C3B4 /* CoreXLSX */; };
		5B5B22032C8696150043C3B4 /* RegisterUserView.swift in Sources */ = {isa = PBXBuildFile; fileRef = 5B5B22022C8696150043C3B4 /* RegisterUserView.swift */; };
		5B5B22062C8696270043C3B4 /* RegisterUserVIewModel.swift in Sources */ = {isa = PBXBuildFile; fileRef = 5B5B22052C8696270043C3B4 /* RegisterUserVIewModel.swift */; };
		5B5B221A2C86983F0043C3B4 /* FirebaseAnalytics in Frameworks */ = {isa = PBXBuildFile; productRef = 5B5B22192C86983F0043C3B4 /* FirebaseAnalytics */; };
		5B5B221C2C86983F0043C3B4 /* FirebaseAnalyticsSwift in Frameworks */ = {isa = PBXBuildFile; productRef = 5B5B221B2C86983F0043C3B4 /* FirebaseAnalyticsSwift */; };
		5B5B221E2C86983F0043C3B4 /* FirebaseAppCheck in Frameworks */ = {isa = PBXBuildFile; productRef = 5B5B221D2C86983F0043C3B4 /* FirebaseAppCheck */; };
		5B5B22202C86983F0043C3B4 /* FirebaseAuth in Frameworks */ = {isa = PBXBuildFile; productRef = 5B5B221F2C86983F0043C3B4 /* FirebaseAuth */; };
		5B5B22222C86983F0043C3B4 /* FirebaseCrashlytics in Frameworks */ = {isa = PBXBuildFile; productRef = 5B5B22212C86983F0043C3B4 /* FirebaseCrashlytics */; };
		5B5B22242C86983F0043C3B4 /* FirebaseFirestore in Frameworks */ = {isa = PBXBuildFile; productRef = 5B5B22232C86983F0043C3B4 /* FirebaseFirestore */; };
		5B5B22262C86983F0043C3B4 /* FirebaseFirestoreSwift in Frameworks */ = {isa = PBXBuildFile; productRef = 5B5B22252C86983F0043C3B4 /* FirebaseFirestoreSwift */; };
		5B5B22282C86983F0043C3B4 /* FirebaseFunctions in Frameworks */ = {isa = PBXBuildFile; productRef = 5B5B22272C86983F0043C3B4 /* FirebaseFunctions */; };
		5B5B222A2C86983F0043C3B4 /* FirebaseInAppMessaging-Beta in Frameworks */ = {isa = PBXBuildFile; productRef = 5B5B22292C86983F0043C3B4 /* FirebaseInAppMessaging-Beta */; };
		5B5B222C2C86983F0043C3B4 /* FirebaseMessaging in Frameworks */ = {isa = PBXBuildFile; productRef = 5B5B222B2C86983F0043C3B4 /* FirebaseMessaging */; };
		5B5B222E2C86983F0043C3B4 /* FirebaseStorage in Frameworks */ = {isa = PBXBuildFile; productRef = 5B5B222D2C86983F0043C3B4 /* FirebaseStorage */; };
		5B5B22312C8698AC0043C3B4 /* ViewAlignment.swift in Sources */ = {isa = PBXBuildFile; fileRef = 5B5B22302C8698AC0043C3B4 /* ViewAlignment.swift */; };
		5B5B22332C8698DD0043C3B4 /* PasswordTextField.swift in Sources */ = {isa = PBXBuildFile; fileRef = 5B5B22322C8698DD0043C3B4 /* PasswordTextField.swift */; };
		5B5B22352C869C1E0043C3B4 /* LogInViewModel.swift in Sources */ = {isa = PBXBuildFile; fileRef = 5B5B22342C869C1E0043C3B4 /* LogInViewModel.swift */; };
		5B5B22382C86A0860043C3B4 /* UserManager.swift in Sources */ = {isa = PBXBuildFile; fileRef = 5B5B22372C86A0860043C3B4 /* UserManager.swift */; };
		5B5B223A2C86A0AA0043C3B4 /* Querry.swift in Sources */ = {isa = PBXBuildFile; fileRef = 5B5B22392C86A0AA0043C3B4 /* Querry.swift */; };
		5B5B223C2C86A0F80043C3B4 /* Quiz.swift in Sources */ = {isa = PBXBuildFile; fileRef = 5B5B223B2C86A0F80043C3B4 /* Quiz.swift */; };
		5B5B223E2C86A1130043C3B4 /* Info.swift in Sources */ = {isa = PBXBuildFile; fileRef = 5B5B223D2C86A1130043C3B4 /* Info.swift */; };
		5B5B22402C86A1290043C3B4 /* Category.swift in Sources */ = {isa = PBXBuildFile; fileRef = 5B5B223F2C86A1290043C3B4 /* Category.swift */; };
		5B5B22452C86A34A0043C3B4 /* MainTabBarView.swift in Sources */ = {isa = PBXBuildFile; fileRef = 5B5B22442C86A34A0043C3B4 /* MainTabBarView.swift */; };
		5B5B22492C86A38C0043C3B4 /* SOPService.swift in Sources */ = {isa = PBXBuildFile; fileRef = 5B5B22482C86A38C0043C3B4 /* SOPService.swift */; };
		5B5B224B2C86AF860043C3B4 /* PDFSTorageManager.swift in Sources */ = {isa = PBXBuildFile; fileRef = 5B5B224A2C86AF860043C3B4 /* PDFSTorageManager.swift */; };
		5B5B224E2C86AFAC0043C3B4 /* PDFUploadView.swift in Sources */ = {isa = PBXBuildFile; fileRef = 5B5B224D2C86AFAC0043C3B4 /* PDFUploadView.swift */; };
		5B5B22502C86BEC00043C3B4 /* PDFDocument.swift in Sources */ = {isa = PBXBuildFile; fileRef = 5B5B224F2C86BEC00043C3B4 /* PDFDocument.swift */; };
		5B5B22542C86C1240043C3B4 /* PDFCategoryViewModel.swift in Sources */ = {isa = PBXBuildFile; fileRef = 5B5B22532C86C1240043C3B4 /* PDFCategoryViewModel.swift */; };
		5B5B22572C86D9680043C3B4 /* PDFCategoryListView.swift in Sources */ = {isa = PBXBuildFile; fileRef = 5B5B22562C86D9680043C3B4 /* PDFCategoryListView.swift */; };
		5B5B22592C86E1F30043C3B4 /* CustomAlertView.swift in Sources */ = {isa = PBXBuildFile; fileRef = 5B5B22582C86E1F30043C3B4 /* CustomAlertView.swift */; };
		5B5B225C2C8801380043C3B4 /* CreateQuizView.swift in Sources */ = {isa = PBXBuildFile; fileRef = 5B5B225B2C8801380043C3B4 /* CreateQuizView.swift */; };
		5B5B225F2C88020B0043C3B4 /* CreateQuizViewModel.swift in Sources */ = {isa = PBXBuildFile; fileRef = 5B5B225E2C88020B0043C3B4 /* CreateQuizViewModel.swift */; };
		5B5B22612C88024E0043C3B4 /* QuizManager.swift in Sources */ = {isa = PBXBuildFile; fileRef = 5B5B22602C88024E0043C3B4 /* QuizManager.swift */; };
		5B5B22632C8810130043C3B4 /* EditQuizView.swift in Sources */ = {isa = PBXBuildFile; fileRef = 5B5B22622C8810130043C3B4 /* EditQuizView.swift */; };
		5B5B22662C8811B50043C3B4 /* QuizListView.swift in Sources */ = {isa = PBXBuildFile; fileRef = 5B5B22652C8811B50043C3B4 /* QuizListView.swift */; };
		5B98AB082CA44E0E00EE5DF2 /* MangementListUserView.swift in Sources */ = {isa = PBXBuildFile; fileRef = 5B98AB072CA44E0E00EE5DF2 /* MangementListUserView.swift */; };
		5B98AB0A2CA44E2300EE5DF2 /* CardGroupView.swift in Sources */ = {isa = PBXBuildFile; fileRef = 5B98AB092CA44E2300EE5DF2 /* CardGroupView.swift */; };
		5B98AB0C2CA44EBA00EE5DF2 /* UserHomeView.swift in Sources */ = {isa = PBXBuildFile; fileRef = 5B98AB0B2CA44EBA00EE5DF2 /* UserHomeView.swift */; };
		5B98AB0E2CA44F4000EE5DF2 /* UserProfileViewModel.swift in Sources */ = {isa = PBXBuildFile; fileRef = 5B98AB0D2CA44F4000EE5DF2 /* UserProfileViewModel.swift */; };
		5B98AB102CA4574C00EE5DF2 /* UserProfileView.swift in Sources */ = {isa = PBXBuildFile; fileRef = 5B98AB0F2CA4574C00EE5DF2 /* UserProfileView.swift */; };
		5BA3523E2C8C38EF004FFB8E /* OpenAI in Frameworks */ = {isa = PBXBuildFile; productRef = 5BA3523D2C8C38EF004FFB8E /* OpenAI */; };
/* End PBXBuildFile section */

/* Begin PBXContainerItemProxy section */
		5B5B21BB2C8691F60043C3B4 /* PBXContainerItemProxy */ = {
			isa = PBXContainerItemProxy;
			containerPortal = 5B5B21A12C8691F50043C3B4 /* Project object */;
			proxyType = 1;
			remoteGlobalIDString = 5B5B21A82C8691F50043C3B4;
			remoteInfo = VivariumSOP;
		};
		5B5B21C52C8691F60043C3B4 /* PBXContainerItemProxy */ = {
			isa = PBXContainerItemProxy;
			containerPortal = 5B5B21A12C8691F50043C3B4 /* Project object */;
			proxyType = 1;
			remoteGlobalIDString = 5B5B21A82C8691F50043C3B4;
			remoteInfo = VivariumSOP;
		};
/* End PBXContainerItemProxy section */

/* Begin PBXFileReference section */
		1439D37D2CBFFA02008D53F5 /* GoogleService-Info.plist */ = {isa = PBXFileReference; lastKnownFileType = text.plist.xml; path = "GoogleService-Info.plist"; sourceTree = "<group>"; };
		5B21FCB92CA8A14E00F63805 /* SopCategoryView.swift */ = {isa = PBXFileReference; lastKnownFileType = sourcecode.swift; path = SopCategoryView.swift; sourceTree = "<group>"; };
		5B21FCBC2CA8A22000F63805 /* SOpCategoryHUsbandryViewModel.swift */ = {isa = PBXFileReference; lastKnownFileType = sourcecode.swift; path = SOpCategoryHUsbandryViewModel.swift; sourceTree = "<group>"; };
		5B21FCBE2CA8A2F400F63805 /* CategoryManager.swift */ = {isa = PBXFileReference; lastKnownFileType = sourcecode.swift; path = CategoryManager.swift; sourceTree = "<group>"; };
		5B21FCC12CA8A66700F63805 /* HuabndrySOPLIstView.swift */ = {isa = PBXFileReference; lastKnownFileType = sourcecode.swift; path = HuabndrySOPLIstView.swift; sourceTree = "<group>"; };
		5B21FCC32CA8A6C300F63805 /* HusbandrySOPListViewModel.swift */ = {isa = PBXFileReference; lastKnownFileType = sourcecode.swift; path = HusbandrySOPListViewModel.swift; sourceTree = "<group>"; };
		5B21FCC62CA8A7DB00F63805 /* HusbandryQuestionView.swift */ = {isa = PBXFileReference; lastKnownFileType = sourcecode.swift; path = HusbandryQuestionView.swift; sourceTree = "<group>"; };
		5B21FCC82CA8A81700F63805 /* ScoreCardView.swift */ = {isa = PBXFileReference; lastKnownFileType = sourcecode.swift; path = ScoreCardView.swift; sourceTree = "<group>"; };
		5B21FCCA2CA8A85500F63805 /* HusbandryQuestionViewModel.swift */ = {isa = PBXFileReference; lastKnownFileType = sourcecode.swift; path = HusbandryQuestionViewModel.swift; sourceTree = "<group>"; };
		5B21FCCD2CA8AB2200F63805 /* HusbandrySOPDetailView.swift */ = {isa = PBXFileReference; lastKnownFileType = sourcecode.swift; path = HusbandrySOPDetailView.swift; sourceTree = "<group>"; };
		5B21FCCF2CA8AB8500F63805 /* HusbandrySOPDetailViewModel.swift */ = {isa = PBXFileReference; lastKnownFileType = sourcecode.swift; path = HusbandrySOPDetailViewModel.swift; sourceTree = "<group>"; };
		5B21FCD22CA8B4BC00F63805 /* HusbandrySopSearchView.swift */ = {isa = PBXFileReference; lastKnownFileType = sourcecode.swift; path = HusbandrySopSearchView.swift; sourceTree = "<group>"; };
		5B21FCD52CA8B61A00F63805 /* HusbandryUserProfileView.swift */ = {isa = PBXFileReference; lastKnownFileType = sourcecode.swift; path = HusbandryUserProfileView.swift; sourceTree = "<group>"; };
		5B5B21A92C8691F50043C3B4 /* VivariumSOP.app */ = {isa = PBXFileReference; explicitFileType = wrapper.application; includeInIndex = 0; path = VivariumSOP.app; sourceTree = BUILT_PRODUCTS_DIR; };
		5B5B21AC2C8691F50043C3B4 /* VivariumSOPApp.swift */ = {isa = PBXFileReference; lastKnownFileType = sourcecode.swift; path = VivariumSOPApp.swift; sourceTree = "<group>"; };
		5B5B21AE2C8691F50043C3B4 /* ContentView.swift */ = {isa = PBXFileReference; lastKnownFileType = sourcecode.swift; path = ContentView.swift; sourceTree = "<group>"; };
		5B5B21B02C8691F60043C3B4 /* Assets.xcassets */ = {isa = PBXFileReference; lastKnownFileType = folder.assetcatalog; path = Assets.xcassets; sourceTree = "<group>"; };
		5B5B21B22C8691F60043C3B4 /* VivariumSOP.entitlements */ = {isa = PBXFileReference; lastKnownFileType = text.plist.entitlements; path = VivariumSOP.entitlements; sourceTree = "<group>"; };
		5B5B21B42C8691F60043C3B4 /* Preview Assets.xcassets */ = {isa = PBXFileReference; lastKnownFileType = folder.assetcatalog; path = "Preview Assets.xcassets"; sourceTree = "<group>"; };
		5B5B21BA2C8691F60043C3B4 /* VivariumSOPTests.xctest */ = {isa = PBXFileReference; explicitFileType = wrapper.cfbundle; includeInIndex = 0; path = VivariumSOPTests.xctest; sourceTree = BUILT_PRODUCTS_DIR; };
		5B5B21BE2C8691F60043C3B4 /* VivariumSOPTests.swift */ = {isa = PBXFileReference; lastKnownFileType = sourcecode.swift; path = VivariumSOPTests.swift; sourceTree = "<group>"; };
		5B5B21C42C8691F60043C3B4 /* VivariumSOPUITests.xctest */ = {isa = PBXFileReference; explicitFileType = wrapper.cfbundle; includeInIndex = 0; path = VivariumSOPUITests.xctest; sourceTree = BUILT_PRODUCTS_DIR; };
		5B5B21C82C8691F60043C3B4 /* VivariumSOPUITests.swift */ = {isa = PBXFileReference; lastKnownFileType = sourcecode.swift; path = VivariumSOPUITests.swift; sourceTree = "<group>"; };
		5B5B21CA2C8691F60043C3B4 /* VivariumSOPUITestsLaunchTests.swift */ = {isa = PBXFileReference; lastKnownFileType = sourcecode.swift; path = VivariumSOPUITestsLaunchTests.swift; sourceTree = "<group>"; };
		5B5B21EA2C8694EE0043C3B4 /* User.swift */ = {isa = PBXFileReference; lastKnownFileType = sourcecode.swift; path = User.swift; sourceTree = "<group>"; };
		5B5B22022C8696150043C3B4 /* RegisterUserView.swift */ = {isa = PBXFileReference; lastKnownFileType = sourcecode.swift; path = RegisterUserView.swift; sourceTree = "<group>"; };
		5B5B22052C8696270043C3B4 /* RegisterUserVIewModel.swift */ = {isa = PBXFileReference; lastKnownFileType = sourcecode.swift; path = RegisterUserVIewModel.swift; sourceTree = "<group>"; };
		5B5B22302C8698AC0043C3B4 /* ViewAlignment.swift */ = {isa = PBXFileReference; lastKnownFileType = sourcecode.swift; path = ViewAlignment.swift; sourceTree = "<group>"; };
		5B5B22322C8698DD0043C3B4 /* PasswordTextField.swift */ = {isa = PBXFileReference; lastKnownFileType = sourcecode.swift; path = PasswordTextField.swift; sourceTree = "<group>"; };
		5B5B22342C869C1E0043C3B4 /* LogInViewModel.swift */ = {isa = PBXFileReference; lastKnownFileType = sourcecode.swift; path = LogInViewModel.swift; sourceTree = "<group>"; };
		5B5B22372C86A0860043C3B4 /* UserManager.swift */ = {isa = PBXFileReference; lastKnownFileType = sourcecode.swift; path = UserManager.swift; sourceTree = "<group>"; };
		5B5B22392C86A0AA0043C3B4 /* Querry.swift */ = {isa = PBXFileReference; lastKnownFileType = sourcecode.swift; path = Querry.swift; sourceTree = "<group>"; };
		5B5B223B2C86A0F80043C3B4 /* Quiz.swift */ = {isa = PBXFileReference; lastKnownFileType = sourcecode.swift; path = Quiz.swift; sourceTree = "<group>"; };
		5B5B223D2C86A1130043C3B4 /* Info.swift */ = {isa = PBXFileReference; lastKnownFileType = sourcecode.swift; path = Info.swift; sourceTree = "<group>"; };
		5B5B223F2C86A1290043C3B4 /* Category.swift */ = {isa = PBXFileReference; lastKnownFileType = sourcecode.swift; path = Category.swift; sourceTree = "<group>"; };
		5B5B22442C86A34A0043C3B4 /* MainTabBarView.swift */ = {isa = PBXFileReference; lastKnownFileType = sourcecode.swift; path = MainTabBarView.swift; sourceTree = "<group>"; };
		5B5B22482C86A38C0043C3B4 /* SOPService.swift */ = {isa = PBXFileReference; lastKnownFileType = sourcecode.swift; path = SOPService.swift; sourceTree = "<group>"; };
		5B5B224A2C86AF860043C3B4 /* PDFSTorageManager.swift */ = {isa = PBXFileReference; lastKnownFileType = sourcecode.swift; path = PDFSTorageManager.swift; sourceTree = "<group>"; };
		5B5B224D2C86AFAC0043C3B4 /* PDFUploadView.swift */ = {isa = PBXFileReference; lastKnownFileType = sourcecode.swift; path = PDFUploadView.swift; sourceTree = "<group>"; };
		5B5B224F2C86BEC00043C3B4 /* PDFDocument.swift */ = {isa = PBXFileReference; lastKnownFileType = sourcecode.swift; path = PDFDocument.swift; sourceTree = "<group>"; };
		5B5B22532C86C1240043C3B4 /* PDFCategoryViewModel.swift */ = {isa = PBXFileReference; lastKnownFileType = sourcecode.swift; path = PDFCategoryViewModel.swift; sourceTree = "<group>"; };
		5B5B22562C86D9680043C3B4 /* PDFCategoryListView.swift */ = {isa = PBXFileReference; lastKnownFileType = sourcecode.swift; path = PDFCategoryListView.swift; sourceTree = "<group>"; };
		5B5B22582C86E1F30043C3B4 /* CustomAlertView.swift */ = {isa = PBXFileReference; lastKnownFileType = sourcecode.swift; path = CustomAlertView.swift; sourceTree = "<group>"; };
		5B5B225B2C8801380043C3B4 /* CreateQuizView.swift */ = {isa = PBXFileReference; lastKnownFileType = sourcecode.swift; path = CreateQuizView.swift; sourceTree = "<group>"; };
		5B5B225E2C88020B0043C3B4 /* CreateQuizViewModel.swift */ = {isa = PBXFileReference; lastKnownFileType = sourcecode.swift; path = CreateQuizViewModel.swift; sourceTree = "<group>"; };
		5B5B22602C88024E0043C3B4 /* QuizManager.swift */ = {isa = PBXFileReference; lastKnownFileType = sourcecode.swift; path = QuizManager.swift; sourceTree = "<group>"; };
		5B5B22622C8810130043C3B4 /* EditQuizView.swift */ = {isa = PBXFileReference; lastKnownFileType = sourcecode.swift; path = EditQuizView.swift; sourceTree = "<group>"; };
		5B5B22652C8811B50043C3B4 /* QuizListView.swift */ = {isa = PBXFileReference; lastKnownFileType = sourcecode.swift; path = QuizListView.swift; sourceTree = "<group>"; };
		5B98AB072CA44E0E00EE5DF2 /* MangementListUserView.swift */ = {isa = PBXFileReference; lastKnownFileType = sourcecode.swift; path = MangementListUserView.swift; sourceTree = "<group>"; };
		5B98AB092CA44E2300EE5DF2 /* CardGroupView.swift */ = {isa = PBXFileReference; lastKnownFileType = sourcecode.swift; path = CardGroupView.swift; sourceTree = "<group>"; };
		5B98AB0B2CA44EBA00EE5DF2 /* UserHomeView.swift */ = {isa = PBXFileReference; lastKnownFileType = sourcecode.swift; path = UserHomeView.swift; sourceTree = "<group>"; };
		5B98AB0D2CA44F4000EE5DF2 /* UserProfileViewModel.swift */ = {isa = PBXFileReference; lastKnownFileType = sourcecode.swift; path = UserProfileViewModel.swift; sourceTree = "<group>"; };
		5B98AB0F2CA4574C00EE5DF2 /* UserProfileView.swift */ = {isa = PBXFileReference; lastKnownFileType = sourcecode.swift; path = UserProfileView.swift; sourceTree = "<group>"; };
		5BA352382C8B2ACA004FFB8E /* Info.plist */ = {isa = PBXFileReference; lastKnownFileType = text.plist; path = Info.plist; sourceTree = "<group>"; };
/* End PBXFileReference section */

/* Begin PBXFrameworksBuildPhase section */
		5B5B21A62C8691F50043C3B4 /* Frameworks */ = {
			isa = PBXFrameworksBuildPhase;
			buildActionMask = 2147483647;
			files = (
				5BA3523E2C8C38EF004FFB8E /* OpenAI in Frameworks */,
				5B5B221E2C86983F0043C3B4 /* FirebaseAppCheck in Frameworks */,
				5B5B22202C86983F0043C3B4 /* FirebaseAuth in Frameworks */,
				5B5B221C2C86983F0043C3B4 /* FirebaseAnalyticsSwift in Frameworks */,
				5B5B22282C86983F0043C3B4 /* FirebaseFunctions in Frameworks */,
				5B5B22222C86983F0043C3B4 /* FirebaseCrashlytics in Frameworks */,
				5B5B222E2C86983F0043C3B4 /* FirebaseStorage in Frameworks */,
				5B5B221A2C86983F0043C3B4 /* FirebaseAnalytics in Frameworks */,
				5B5B21FF2C8695B80043C3B4 /* CoreXLSX in Frameworks */,
				5B5B22242C86983F0043C3B4 /* FirebaseFirestore in Frameworks */,
				5B5B22262C86983F0043C3B4 /* FirebaseFirestoreSwift in Frameworks */,
				5B5B222C2C86983F0043C3B4 /* FirebaseMessaging in Frameworks */,
				5B5B222A2C86983F0043C3B4 /* FirebaseInAppMessaging-Beta in Frameworks */,
			);
			runOnlyForDeploymentPostprocessing = 0;
		};
		5B5B21B72C8691F60043C3B4 /* Frameworks */ = {
			isa = PBXFrameworksBuildPhase;
			buildActionMask = 2147483647;
			files = (
			);
			runOnlyForDeploymentPostprocessing = 0;
		};
		5B5B21C12C8691F60043C3B4 /* Frameworks */ = {
			isa = PBXFrameworksBuildPhase;
			buildActionMask = 2147483647;
			files = (
			);
			runOnlyForDeploymentPostprocessing = 0;
		};
/* End PBXFrameworksBuildPhase section */

/* Begin PBXGroup section */
		5B21FCB62CA8A0C500F63805 /* HusbandryProfile */ = {
			isa = PBXGroup;
			children = (
				5B21FCD42CA8B5F800F63805 /* HusbandryProfileCard */,
				5B21FCD12CA8B49B00F63805 /* HusbandrySearchView */,
				5B21FCCC2CA8AB0500F63805 /* HusbandrySOPDetailView */,
				5B21FCC52CA8A7BE00F63805 /* HusbandryQuestionView */,
				5B21FCC02CA8A64A00F63805 /* HUsbandrySOPCardView */,
				5B21FCB72CA8A12600F63805 /* SOPCategory */,
			);
			path = HusbandryProfile;
			sourceTree = "<group>";
		};
		5B21FCB72CA8A12600F63805 /* SOPCategory */ = {
			isa = PBXGroup;
			children = (
				5B21FCBB2CA8A20500F63805 /* ViewModel */,
				5B21FCB82CA8A14100F63805 /* View */,
			);
			path = SOPCategory;
			sourceTree = "<group>";
		};
		5B21FCB82CA8A14100F63805 /* View */ = {
			isa = PBXGroup;
			children = (
				5B21FCB92CA8A14E00F63805 /* SopCategoryView.swift */,
			);
			path = View;
			sourceTree = "<group>";
		};
		5B21FCBB2CA8A20500F63805 /* ViewModel */ = {
			isa = PBXGroup;
			children = (
				5B21FCBC2CA8A22000F63805 /* SOpCategoryHUsbandryViewModel.swift */,
			);
			path = ViewModel;
			sourceTree = "<group>";
		};
		5B21FCC02CA8A64A00F63805 /* HUsbandrySOPCardView */ = {
			isa = PBXGroup;
			children = (
				5B21FCC12CA8A66700F63805 /* HuabndrySOPLIstView.swift */,
				5B21FCC32CA8A6C300F63805 /* HusbandrySOPListViewModel.swift */,
			);
			path = HUsbandrySOPCardView;
			sourceTree = "<group>";
		};
		5B21FCC52CA8A7BE00F63805 /* HusbandryQuestionView */ = {
			isa = PBXGroup;
			children = (
				5B21FCC62CA8A7DB00F63805 /* HusbandryQuestionView.swift */,
				5B21FCC82CA8A81700F63805 /* ScoreCardView.swift */,
				5B21FCCA2CA8A85500F63805 /* HusbandryQuestionViewModel.swift */,
			);
			path = HusbandryQuestionView;
			sourceTree = "<group>";
		};
		5B21FCCC2CA8AB0500F63805 /* HusbandrySOPDetailView */ = {
			isa = PBXGroup;
			children = (
				5B21FCCD2CA8AB2200F63805 /* HusbandrySOPDetailView.swift */,
				5B21FCCF2CA8AB8500F63805 /* HusbandrySOPDetailViewModel.swift */,
			);
			path = HusbandrySOPDetailView;
			sourceTree = "<group>";
		};
		5B21FCD12CA8B49B00F63805 /* HusbandrySearchView */ = {
			isa = PBXGroup;
			children = (
				5B21FCD22CA8B4BC00F63805 /* HusbandrySopSearchView.swift */,
			);
			path = HusbandrySearchView;
			sourceTree = "<group>";
		};
		5B21FCD42CA8B5F800F63805 /* HusbandryProfileCard */ = {
			isa = PBXGroup;
			children = (
				5B21FCD52CA8B61A00F63805 /* HusbandryUserProfileView.swift */,
			);
			path = HusbandryProfileCard;
			sourceTree = "<group>";
		};
		5B5B21A02C8691F50043C3B4 = {
			isa = PBXGroup;
			children = (
				5B5B21AB2C8691F50043C3B4 /* VivariumSOP */,
				5B5B21BD2C8691F60043C3B4 /* VivariumSOPTests */,
				5B5B21C72C8691F60043C3B4 /* VivariumSOPUITests */,
				5B5B21AA2C8691F50043C3B4 /* Products */,
			);
			sourceTree = "<group>";
		};
		5B5B21AA2C8691F50043C3B4 /* Products */ = {
			isa = PBXGroup;
			children = (
				5B5B21A92C8691F50043C3B4 /* VivariumSOP.app */,
				5B5B21BA2C8691F60043C3B4 /* VivariumSOPTests.xctest */,
				5B5B21C42C8691F60043C3B4 /* VivariumSOPUITests.xctest */,
			);
			name = Products;
			sourceTree = "<group>";
		};
		5B5B21AB2C8691F50043C3B4 /* VivariumSOP */ = {
			isa = PBXGroup;
			children = (
				5B21FCB62CA8A0C500F63805 /* HusbandryProfile */,
				5B98AB062CA44DE500EE5DF2 /* Managment */,
				5BA352382C8B2ACA004FFB8E /* Info.plist */,
				5B5B225A2C8801190043C3B4 /* CreateQuiz */,
				5B5B22512C86C1060043C3B4 /* PDFCategory */,
				5B5B224C2C86AF9B0043C3B4 /* UploadPDfView */,
				5B5B22432C86A3350043C3B4 /* Home */,
				5B5B222F2C86989D0043C3B4 /* Extentions */,
				5B5B22002C8695FE0043C3B4 /* Login */,
				5B5B21E82C8694DE0043C3B4 /* Model */,
				5B5B21AC2C8691F50043C3B4 /* VivariumSOPApp.swift */,
				1439D37D2CBFFA02008D53F5 /* GoogleService-Info.plist */,
				5B5B21AE2C8691F50043C3B4 /* ContentView.swift */,
				5B5B21B02C8691F60043C3B4 /* Assets.xcassets */,
				5B5B21B22C8691F60043C3B4 /* VivariumSOP.entitlements */,
				5B5B21B32C8691F60043C3B4 /* Preview Content */,
			);
			path = VivariumSOP;
			sourceTree = "<group>";
		};
		5B5B21B32C8691F60043C3B4 /* Preview Content */ = {
			isa = PBXGroup;
			children = (
				5B5B21B42C8691F60043C3B4 /* Preview Assets.xcassets */,
			);
			path = "Preview Content";
			sourceTree = "<group>";
		};
		5B5B21BD2C8691F60043C3B4 /* VivariumSOPTests */ = {
			isa = PBXGroup;
			children = (
				5B5B21BE2C8691F60043C3B4 /* VivariumSOPTests.swift */,
			);
			path = VivariumSOPTests;
			sourceTree = "<group>";
		};
		5B5B21C72C8691F60043C3B4 /* VivariumSOPUITests */ = {
			isa = PBXGroup;
			children = (
				5B5B21C82C8691F60043C3B4 /* VivariumSOPUITests.swift */,
				5B5B21CA2C8691F60043C3B4 /* VivariumSOPUITestsLaunchTests.swift */,
			);
			path = VivariumSOPUITests;
			sourceTree = "<group>";
		};
		5B5B21E82C8694DE0043C3B4 /* Model */ = {
			isa = PBXGroup;
			children = (
				5B5B22472C86A37E0043C3B4 /* Service */,
				5B5B22362C86A0730043C3B4 /* Firestore */,
				5B5B21E92C8694E60043C3B4 /* User */,
				5B5B223B2C86A0F80043C3B4 /* Quiz.swift */,
				5B5B223D2C86A1130043C3B4 /* Info.swift */,
				5B5B223F2C86A1290043C3B4 /* Category.swift */,
				5B5B224F2C86BEC00043C3B4 /* PDFDocument.swift */,
			);
			path = Model;
			sourceTree = "<group>";
		};
		5B5B21E92C8694E60043C3B4 /* User */ = {
			isa = PBXGroup;
			children = (
				5B5B21EA2C8694EE0043C3B4 /* User.swift */,
			);
			path = User;
			sourceTree = "<group>";
		};
		5B5B22002C8695FE0043C3B4 /* Login */ = {
			isa = PBXGroup;
			children = (
				5B5B22042C8696190043C3B4 /* ViewModel */,
				5B5B22012C8696050043C3B4 /* View */,
			);
			path = Login;
			sourceTree = "<group>";
		};
		5B5B22012C8696050043C3B4 /* View */ = {
			isa = PBXGroup;
			children = (
				5B5B22022C8696150043C3B4 /* RegisterUserView.swift */,
			);
			path = View;
			sourceTree = "<group>";
		};
		5B5B22042C8696190043C3B4 /* ViewModel */ = {
			isa = PBXGroup;
			children = (
				5B5B22052C8696270043C3B4 /* RegisterUserVIewModel.swift */,
				5B5B22342C869C1E0043C3B4 /* LogInViewModel.swift */,
			);
			path = ViewModel;
			sourceTree = "<group>";
		};
		5B5B222F2C86989D0043C3B4 /* Extentions */ = {
			isa = PBXGroup;
			children = (
				5B5B22302C8698AC0043C3B4 /* ViewAlignment.swift */,
				5B5B22322C8698DD0043C3B4 /* PasswordTextField.swift */,
				5B5B22392C86A0AA0043C3B4 /* Querry.swift */,
				5B5B22582C86E1F30043C3B4 /* CustomAlertView.swift */,
			);
			path = Extentions;
			sourceTree = "<group>";
		};
		5B5B22362C86A0730043C3B4 /* Firestore */ = {
			isa = PBXGroup;
			children = (
				5B5B22372C86A0860043C3B4 /* UserManager.swift */,
				5B5B224A2C86AF860043C3B4 /* PDFSTorageManager.swift */,
				5B5B22602C88024E0043C3B4 /* QuizManager.swift */,
				5B21FCBE2CA8A2F400F63805 /* CategoryManager.swift */,
			);
			path = Firestore;
			sourceTree = "<group>";
		};
		5B5B22432C86A3350043C3B4 /* Home */ = {
			isa = PBXGroup;
			children = (
				5B5B22442C86A34A0043C3B4 /* MainTabBarView.swift */,
			);
			path = Home;
			sourceTree = "<group>";
		};
		5B5B22472C86A37E0043C3B4 /* Service */ = {
			isa = PBXGroup;
			children = (
				5B5B22482C86A38C0043C3B4 /* SOPService.swift */,
			);
			path = Service;
			sourceTree = "<group>";
		};
		5B5B224C2C86AF9B0043C3B4 /* UploadPDfView */ = {
			isa = PBXGroup;
			children = (
				5B5B224D2C86AFAC0043C3B4 /* PDFUploadView.swift */,
			);
			path = UploadPDfView;
			sourceTree = "<group>";
		};
		5B5B22512C86C1060043C3B4 /* PDFCategory */ = {
			isa = PBXGroup;
			children = (
				5B5B22552C86D9590043C3B4 /* View */,
				5B5B22522C86C10D0043C3B4 /* ViewModel */,
			);
			path = PDFCategory;
			sourceTree = "<group>";
		};
		5B5B22522C86C10D0043C3B4 /* ViewModel */ = {
			isa = PBXGroup;
			children = (
				5B5B22532C86C1240043C3B4 /* PDFCategoryViewModel.swift */,
			);
			path = ViewModel;
			sourceTree = "<group>";
		};
		5B5B22552C86D9590043C3B4 /* View */ = {
			isa = PBXGroup;
			children = (
				5B5B22562C86D9680043C3B4 /* PDFCategoryListView.swift */,
			);
			path = View;
			sourceTree = "<group>";
		};
		5B5B225A2C8801190043C3B4 /* CreateQuiz */ = {
			isa = PBXGroup;
			children = (
				5B5B22642C8811A60043C3B4 /* QuizList */,
				5B5B225D2C8801F00043C3B4 /* ViewModel */,
				5B5B225B2C8801380043C3B4 /* CreateQuizView.swift */,
				5B5B22622C8810130043C3B4 /* EditQuizView.swift */,
			);
			path = CreateQuiz;
			sourceTree = "<group>";
		};
		5B5B225D2C8801F00043C3B4 /* ViewModel */ = {
			isa = PBXGroup;
			children = (
				5B5B225E2C88020B0043C3B4 /* CreateQuizViewModel.swift */,
			);
			path = ViewModel;
			sourceTree = "<group>";
		};
		5B5B22642C8811A60043C3B4 /* QuizList */ = {
			isa = PBXGroup;
			children = (
				5B5B22652C8811B50043C3B4 /* QuizListView.swift */,
			);
			path = QuizList;
			sourceTree = "<group>";
		};
		5B98AB062CA44DE500EE5DF2 /* Managment */ = {
			isa = PBXGroup;
			children = (
				5B98AB072CA44E0E00EE5DF2 /* MangementListUserView.swift */,
				5B98AB092CA44E2300EE5DF2 /* CardGroupView.swift */,
				5B98AB0B2CA44EBA00EE5DF2 /* UserHomeView.swift */,
				5B98AB0D2CA44F4000EE5DF2 /* UserProfileViewModel.swift */,
				5B98AB0F2CA4574C00EE5DF2 /* UserProfileView.swift */,
			);
			path = Managment;
			sourceTree = "<group>";
		};
/* End PBXGroup section */

/* Begin PBXNativeTarget section */
		5B5B21A82C8691F50043C3B4 /* VivariumSOP */ = {
			isa = PBXNativeTarget;
			buildConfigurationList = 5B5B21CE2C8691F60043C3B4 /* Build configuration list for PBXNativeTarget "VivariumSOP" */;
			buildPhases = (
				5B5B21A52C8691F50043C3B4 /* Sources */,
				5B5B21A62C8691F50043C3B4 /* Frameworks */,
				5B5B21A72C8691F50043C3B4 /* Resources */,
			);
			buildRules = (
			);
			dependencies = (
			);
			name = VivariumSOP;
			packageProductDependencies = (
				5B5B21FE2C8695B80043C3B4 /* CoreXLSX */,
				5B5B22192C86983F0043C3B4 /* FirebaseAnalytics */,
				5B5B221B2C86983F0043C3B4 /* FirebaseAnalyticsSwift */,
				5B5B221D2C86983F0043C3B4 /* FirebaseAppCheck */,
				5B5B221F2C86983F0043C3B4 /* FirebaseAuth */,
				5B5B22212C86983F0043C3B4 /* FirebaseCrashlytics */,
				5B5B22232C86983F0043C3B4 /* FirebaseFirestore */,
				5B5B22252C86983F0043C3B4 /* FirebaseFirestoreSwift */,
				5B5B22272C86983F0043C3B4 /* FirebaseFunctions */,
				5B5B22292C86983F0043C3B4 /* FirebaseInAppMessaging-Beta */,
				5B5B222B2C86983F0043C3B4 /* FirebaseMessaging */,
				5B5B222D2C86983F0043C3B4 /* FirebaseStorage */,
				5BA3523D2C8C38EF004FFB8E /* OpenAI */,
			);
			productName = VivariumSOP;
			productReference = 5B5B21A92C8691F50043C3B4 /* VivariumSOP.app */;
			productType = "com.apple.product-type.application";
		};
		5B5B21B92C8691F60043C3B4 /* VivariumSOPTests */ = {
			isa = PBXNativeTarget;
			buildConfigurationList = 5B5B21D12C8691F60043C3B4 /* Build configuration list for PBXNativeTarget "VivariumSOPTests" */;
			buildPhases = (
				5B5B21B62C8691F60043C3B4 /* Sources */,
				5B5B21B72C8691F60043C3B4 /* Frameworks */,
				5B5B21B82C8691F60043C3B4 /* Resources */,
			);
			buildRules = (
			);
			dependencies = (
				5B5B21BC2C8691F60043C3B4 /* PBXTargetDependency */,
			);
			name = VivariumSOPTests;
			productName = VivariumSOPTests;
			productReference = 5B5B21BA2C8691F60043C3B4 /* VivariumSOPTests.xctest */;
			productType = "com.apple.product-type.bundle.unit-test";
		};
		5B5B21C32C8691F60043C3B4 /* VivariumSOPUITests */ = {
			isa = PBXNativeTarget;
			buildConfigurationList = 5B5B21D42C8691F60043C3B4 /* Build configuration list for PBXNativeTarget "VivariumSOPUITests" */;
			buildPhases = (
				5B5B21C02C8691F60043C3B4 /* Sources */,
				5B5B21C12C8691F60043C3B4 /* Frameworks */,
				5B5B21C22C8691F60043C3B4 /* Resources */,
			);
			buildRules = (
			);
			dependencies = (
				5B5B21C62C8691F60043C3B4 /* PBXTargetDependency */,
			);
			name = VivariumSOPUITests;
			productName = VivariumSOPUITests;
			productReference = 5B5B21C42C8691F60043C3B4 /* VivariumSOPUITests.xctest */;
			productType = "com.apple.product-type.bundle.ui-testing";
		};
/* End PBXNativeTarget section */

/* Begin PBXProject section */
		5B5B21A12C8691F50043C3B4 /* Project object */ = {
			isa = PBXProject;
			attributes = {
				BuildIndependentTargetsInParallel = 1;
				LastSwiftUpdateCheck = 1520;
				LastUpgradeCheck = 1520;
				TargetAttributes = {
					5B5B21A82C8691F50043C3B4 = {
						CreatedOnToolsVersion = 15.2;
					};
					5B5B21B92C8691F60043C3B4 = {
						CreatedOnToolsVersion = 15.2;
						TestTargetID = 5B5B21A82C8691F50043C3B4;
					};
					5B5B21C32C8691F60043C3B4 = {
						CreatedOnToolsVersion = 15.2;
						TestTargetID = 5B5B21A82C8691F50043C3B4;
					};
				};
			};
			buildConfigurationList = 5B5B21A42C8691F50043C3B4 /* Build configuration list for PBXProject "VivariumSOP" */;
			compatibilityVersion = "Xcode 14.0";
			developmentRegion = en;
			hasScannedForEncodings = 0;
			knownRegions = (
				en,
				Base,
			);
			mainGroup = 5B5B21A02C8691F50043C3B4;
			packageReferences = (
				5B5B21FD2C8695B80043C3B4 /* XCRemoteSwiftPackageReference "CoreXLSX" */,
				5B5B22182C86983F0043C3B4 /* XCRemoteSwiftPackageReference "firebase-ios-sdk" */,
				5BA3523C2C8C38EF004FFB8E /* XCRemoteSwiftPackageReference "OpenAI" */,
			);
			productRefGroup = 5B5B21AA2C8691F50043C3B4 /* Products */;
			projectDirPath = "";
			projectRoot = "";
			targets = (
				5B5B21A82C8691F50043C3B4 /* VivariumSOP */,
				5B5B21B92C8691F60043C3B4 /* VivariumSOPTests */,
				5B5B21C32C8691F60043C3B4 /* VivariumSOPUITests */,
			);
		};
/* End PBXProject section */

/* Begin PBXResourcesBuildPhase section */
		5B5B21A72C8691F50043C3B4 /* Resources */ = {
			isa = PBXResourcesBuildPhase;
			buildActionMask = 2147483647;
			files = (
				5B5B21B52C8691F60043C3B4 /* Preview Assets.xcassets in Resources */,
				5B5B21B12C8691F60043C3B4 /* Assets.xcassets in Resources */,
				1439D37E2CBFFA02008D53F5 /* GoogleService-Info.plist in Resources */,
			);
			runOnlyForDeploymentPostprocessing = 0;
		};
		5B5B21B82C8691F60043C3B4 /* Resources */ = {
			isa = PBXResourcesBuildPhase;
			buildActionMask = 2147483647;
			files = (
			);
			runOnlyForDeploymentPostprocessing = 0;
		};
		5B5B21C22C8691F60043C3B4 /* Resources */ = {
			isa = PBXResourcesBuildPhase;
			buildActionMask = 2147483647;
			files = (
			);
			runOnlyForDeploymentPostprocessing = 0;
		};
/* End PBXResourcesBuildPhase section */

/* Begin PBXSourcesBuildPhase section */
		5B5B21A52C8691F50043C3B4 /* Sources */ = {
			isa = PBXSourcesBuildPhase;
			buildActionMask = 2147483647;
			files = (
				5B98AB082CA44E0E00EE5DF2 /* MangementListUserView.swift in Sources */,
				5B21FCBF2CA8A2F400F63805 /* CategoryManager.swift in Sources */,
				5B5B22492C86A38C0043C3B4 /* SOPService.swift in Sources */,
				5B5B22382C86A0860043C3B4 /* UserManager.swift in Sources */,
				5B5B22032C8696150043C3B4 /* RegisterUserView.swift in Sources */,
				5B5B22632C8810130043C3B4 /* EditQuizView.swift in Sources */,
				5B5B22572C86D9680043C3B4 /* PDFCategoryListView.swift in Sources */,
				5B5B21AF2C8691F50043C3B4 /* ContentView.swift in Sources */,
				5B5B225C2C8801380043C3B4 /* CreateQuizView.swift in Sources */,
				5B21FCCB2CA8A85500F63805 /* HusbandryQuestionViewModel.swift in Sources */,
				5B5B22332C8698DD0043C3B4 /* PasswordTextField.swift in Sources */,
				5B98AB0C2CA44EBA00EE5DF2 /* UserHomeView.swift in Sources */,
				5B5B22312C8698AC0043C3B4 /* ViewAlignment.swift in Sources */,
				5B5B22352C869C1E0043C3B4 /* LogInViewModel.swift in Sources */,
				5B5B22502C86BEC00043C3B4 /* PDFDocument.swift in Sources */,
				5B21FCC22CA8A66700F63805 /* HuabndrySOPLIstView.swift in Sources */,
				5B21FCC92CA8A81700F63805 /* ScoreCardView.swift in Sources */,
				5B5B22662C8811B50043C3B4 /* QuizListView.swift in Sources */,
				5B5B21AD2C8691F50043C3B4 /* VivariumSOPApp.swift in Sources */,
				5B5B223C2C86A0F80043C3B4 /* Quiz.swift in Sources */,
				5B5B224E2C86AFAC0043C3B4 /* PDFUploadView.swift in Sources */,
				5B98AB0E2CA44F4000EE5DF2 /* UserProfileViewModel.swift in Sources */,
				5B21FCC42CA8A6C300F63805 /* HusbandrySOPListViewModel.swift in Sources */,
				5B21FCCE2CA8AB2200F63805 /* HusbandrySOPDetailView.swift in Sources */,
				5B5B223A2C86A0AA0043C3B4 /* Querry.swift in Sources */,
				5B5B22452C86A34A0043C3B4 /* MainTabBarView.swift in Sources */,
				5B21FCD02CA8AB8500F63805 /* HusbandrySOPDetailViewModel.swift in Sources */,
				5B5B22402C86A1290043C3B4 /* Category.swift in Sources */,
				5B5B22612C88024E0043C3B4 /* QuizManager.swift in Sources */,
				5B98AB102CA4574C00EE5DF2 /* UserProfileView.swift in Sources */,
				5B5B225F2C88020B0043C3B4 /* CreateQuizViewModel.swift in Sources */,
				5B21FCC72CA8A7DB00F63805 /* HusbandryQuestionView.swift in Sources */,
				5B21FCD62CA8B61A00F63805 /* HusbandryUserProfileView.swift in Sources */,
				5B21FCBD2CA8A22000F63805 /* SOpCategoryHUsbandryViewModel.swift in Sources */,
				5B5B22592C86E1F30043C3B4 /* CustomAlertView.swift in Sources */,
				5B5B22542C86C1240043C3B4 /* PDFCategoryViewModel.swift in Sources */,
				5B5B224B2C86AF860043C3B4 /* PDFSTorageManager.swift in Sources */,
				5B21FCBA2CA8A14E00F63805 /* SopCategoryView.swift in Sources */,
				5B98AB0A2CA44E2300EE5DF2 /* CardGroupView.swift in Sources */,
				5B21FCD32CA8B4BC00F63805 /* HusbandrySopSearchView.swift in Sources */,
				5B5B223E2C86A1130043C3B4 /* Info.swift in Sources */,
				5B5B22062C8696270043C3B4 /* RegisterUserVIewModel.swift in Sources */,
				5B5B21EB2C8694EE0043C3B4 /* User.swift in Sources */,
			);
			runOnlyForDeploymentPostprocessing = 0;
		};
		5B5B21B62C8691F60043C3B4 /* Sources */ = {
			isa = PBXSourcesBuildPhase;
			buildActionMask = 2147483647;
			files = (
				5B5B21BF2C8691F60043C3B4 /* VivariumSOPTests.swift in Sources */,
			);
			runOnlyForDeploymentPostprocessing = 0;
		};
		5B5B21C02C8691F60043C3B4 /* Sources */ = {
			isa = PBXSourcesBuildPhase;
			buildActionMask = 2147483647;
			files = (
				5B5B21CB2C8691F60043C3B4 /* VivariumSOPUITestsLaunchTests.swift in Sources */,
				5B5B21C92C8691F60043C3B4 /* VivariumSOPUITests.swift in Sources */,
			);
			runOnlyForDeploymentPostprocessing = 0;
		};
/* End PBXSourcesBuildPhase section */

/* Begin PBXTargetDependency section */
		5B5B21BC2C8691F60043C3B4 /* PBXTargetDependency */ = {
			isa = PBXTargetDependency;
			target = 5B5B21A82C8691F50043C3B4 /* VivariumSOP */;
			targetProxy = 5B5B21BB2C8691F60043C3B4 /* PBXContainerItemProxy */;
		};
		5B5B21C62C8691F60043C3B4 /* PBXTargetDependency */ = {
			isa = PBXTargetDependency;
			target = 5B5B21A82C8691F50043C3B4 /* VivariumSOP */;
			targetProxy = 5B5B21C52C8691F60043C3B4 /* PBXContainerItemProxy */;
		};
/* End PBXTargetDependency section */

/* Begin XCBuildConfiguration section */
		5B5B21CC2C8691F60043C3B4 /* Debug */ = {
			isa = XCBuildConfiguration;
			buildSettings = {
				ALWAYS_SEARCH_USER_PATHS = NO;
				ASSETCATALOG_COMPILER_GENERATE_SWIFT_ASSET_SYMBOL_EXTENSIONS = YES;
				CLANG_ANALYZER_NONNULL = YES;
				CLANG_ANALYZER_NUMBER_OBJECT_CONVERSION = YES_AGGRESSIVE;
				CLANG_CXX_LANGUAGE_STANDARD = "gnu++20";
				CLANG_ENABLE_MODULES = YES;
				CLANG_ENABLE_OBJC_ARC = YES;
				CLANG_ENABLE_OBJC_WEAK = YES;
				CLANG_WARN_BLOCK_CAPTURE_AUTORELEASING = YES;
				CLANG_WARN_BOOL_CONVERSION = YES;
				CLANG_WARN_COMMA = YES;
				CLANG_WARN_CONSTANT_CONVERSION = YES;
				CLANG_WARN_DEPRECATED_OBJC_IMPLEMENTATIONS = YES;
				CLANG_WARN_DIRECT_OBJC_ISA_USAGE = YES_ERROR;
				CLANG_WARN_DOCUMENTATION_COMMENTS = YES;
				CLANG_WARN_EMPTY_BODY = YES;
				CLANG_WARN_ENUM_CONVERSION = YES;
				CLANG_WARN_INFINITE_RECURSION = YES;
				CLANG_WARN_INT_CONVERSION = YES;
				CLANG_WARN_NON_LITERAL_NULL_CONVERSION = YES;
				CLANG_WARN_OBJC_IMPLICIT_RETAIN_SELF = YES;
				CLANG_WARN_OBJC_LITERAL_CONVERSION = YES;
				CLANG_WARN_OBJC_ROOT_CLASS = YES_ERROR;
				CLANG_WARN_QUOTED_INCLUDE_IN_FRAMEWORK_HEADER = YES;
				CLANG_WARN_RANGE_LOOP_ANALYSIS = YES;
				CLANG_WARN_STRICT_PROTOTYPES = YES;
				CLANG_WARN_SUSPICIOUS_MOVE = YES;
				CLANG_WARN_UNGUARDED_AVAILABILITY = YES_AGGRESSIVE;
				CLANG_WARN_UNREACHABLE_CODE = YES;
				CLANG_WARN__DUPLICATE_METHOD_MATCH = YES;
				COPY_PHASE_STRIP = NO;
				DEBUG_INFORMATION_FORMAT = dwarf;
				ENABLE_STRICT_OBJC_MSGSEND = YES;
				ENABLE_TESTABILITY = YES;
				ENABLE_USER_SCRIPT_SANDBOXING = YES;
				GCC_C_LANGUAGE_STANDARD = gnu17;
				GCC_DYNAMIC_NO_PIC = NO;
				GCC_NO_COMMON_BLOCKS = YES;
				GCC_OPTIMIZATION_LEVEL = 0;
				GCC_PREPROCESSOR_DEFINITIONS = (
					"DEBUG=1",
					"$(inherited)",
				);
				GCC_WARN_64_TO_32_BIT_CONVERSION = YES;
				GCC_WARN_ABOUT_RETURN_TYPE = YES_ERROR;
				GCC_WARN_UNDECLARED_SELECTOR = YES;
				GCC_WARN_UNINITIALIZED_AUTOS = YES_AGGRESSIVE;
				GCC_WARN_UNUSED_FUNCTION = YES;
				GCC_WARN_UNUSED_VARIABLE = YES;
				LOCALIZATION_PREFERS_STRING_CATALOGS = YES;
				MTL_ENABLE_DEBUG_INFO = INCLUDE_SOURCE;
				MTL_FAST_MATH = YES;
				ONLY_ACTIVE_ARCH = YES;
				SWIFT_ACTIVE_COMPILATION_CONDITIONS = "DEBUG $(inherited)";
				SWIFT_OPTIMIZATION_LEVEL = "-Onone";
			};
			name = Debug;
		};
		5B5B21CD2C8691F60043C3B4 /* Release */ = {
			isa = XCBuildConfiguration;
			buildSettings = {
				ALWAYS_SEARCH_USER_PATHS = NO;
				ASSETCATALOG_COMPILER_GENERATE_SWIFT_ASSET_SYMBOL_EXTENSIONS = YES;
				CLANG_ANALYZER_NONNULL = YES;
				CLANG_ANALYZER_NUMBER_OBJECT_CONVERSION = YES_AGGRESSIVE;
				CLANG_CXX_LANGUAGE_STANDARD = "gnu++20";
				CLANG_ENABLE_MODULES = YES;
				CLANG_ENABLE_OBJC_ARC = YES;
				CLANG_ENABLE_OBJC_WEAK = YES;
				CLANG_WARN_BLOCK_CAPTURE_AUTORELEASING = YES;
				CLANG_WARN_BOOL_CONVERSION = YES;
				CLANG_WARN_COMMA = YES;
				CLANG_WARN_CONSTANT_CONVERSION = YES;
				CLANG_WARN_DEPRECATED_OBJC_IMPLEMENTATIONS = YES;
				CLANG_WARN_DIRECT_OBJC_ISA_USAGE = YES_ERROR;
				CLANG_WARN_DOCUMENTATION_COMMENTS = YES;
				CLANG_WARN_EMPTY_BODY = YES;
				CLANG_WARN_ENUM_CONVERSION = YES;
				CLANG_WARN_INFINITE_RECURSION = YES;
				CLANG_WARN_INT_CONVERSION = YES;
				CLANG_WARN_NON_LITERAL_NULL_CONVERSION = YES;
				CLANG_WARN_OBJC_IMPLICIT_RETAIN_SELF = YES;
				CLANG_WARN_OBJC_LITERAL_CONVERSION = YES;
				CLANG_WARN_OBJC_ROOT_CLASS = YES_ERROR;
				CLANG_WARN_QUOTED_INCLUDE_IN_FRAMEWORK_HEADER = YES;
				CLANG_WARN_RANGE_LOOP_ANALYSIS = YES;
				CLANG_WARN_STRICT_PROTOTYPES = YES;
				CLANG_WARN_SUSPICIOUS_MOVE = YES;
				CLANG_WARN_UNGUARDED_AVAILABILITY = YES_AGGRESSIVE;
				CLANG_WARN_UNREACHABLE_CODE = YES;
				CLANG_WARN__DUPLICATE_METHOD_MATCH = YES;
				COPY_PHASE_STRIP = NO;
				DEBUG_INFORMATION_FORMAT = "dwarf-with-dsym";
				ENABLE_NS_ASSERTIONS = NO;
				ENABLE_STRICT_OBJC_MSGSEND = YES;
				ENABLE_USER_SCRIPT_SANDBOXING = YES;
				GCC_C_LANGUAGE_STANDARD = gnu17;
				GCC_NO_COMMON_BLOCKS = YES;
				GCC_WARN_64_TO_32_BIT_CONVERSION = YES;
				GCC_WARN_ABOUT_RETURN_TYPE = YES_ERROR;
				GCC_WARN_UNDECLARED_SELECTOR = YES;
				GCC_WARN_UNINITIALIZED_AUTOS = YES_AGGRESSIVE;
				GCC_WARN_UNUSED_FUNCTION = YES;
				GCC_WARN_UNUSED_VARIABLE = YES;
				LOCALIZATION_PREFERS_STRING_CATALOGS = YES;
				MTL_ENABLE_DEBUG_INFO = NO;
				MTL_FAST_MATH = YES;
				SWIFT_COMPILATION_MODE = wholemodule;
			};
			name = Release;
		};
		5B5B21CF2C8691F60043C3B4 /* Debug */ = {
			isa = XCBuildConfiguration;
			buildSettings = {
				ASSETCATALOG_COMPILER_APPICON_NAME = AppIcon;
				ASSETCATALOG_COMPILER_GLOBAL_ACCENT_COLOR_NAME = AccentColor;
				CODE_SIGN_ENTITLEMENTS = VivariumSOP/VivariumSOP.entitlements;
				CODE_SIGN_IDENTITY = "Apple Development";
				CODE_SIGN_STYLE = Automatic;
				CURRENT_PROJECT_VERSION = 1;
				DEVELOPMENT_ASSET_PATHS = "\"VivariumSOP/Preview Content\"";
				DEVELOPMENT_TEAM = C3H3F2K42A;
				ENABLE_HARDENED_RUNTIME = YES;
				ENABLE_PREVIEWS = YES;
				GENERATE_INFOPLIST_FILE = YES;
				INFOPLIST_FILE = VivariumSOP/Info.plist;
				INFOPLIST_KEY_CFBundleDisplayName = VivariumSOP;
				INFOPLIST_KEY_LSApplicationCategoryType = "";
				INFOPLIST_KEY_NSDownloadsFolderUsageDescription = 1.0;
				"INFOPLIST_KEY_UIApplicationSceneManifest_Generation[sdk=iphoneos*]" = YES;
				"INFOPLIST_KEY_UIApplicationSceneManifest_Generation[sdk=iphonesimulator*]" = YES;
				"INFOPLIST_KEY_UIApplicationSupportsIndirectInputEvents[sdk=iphoneos*]" = YES;
				"INFOPLIST_KEY_UIApplicationSupportsIndirectInputEvents[sdk=iphonesimulator*]" = YES;
				"INFOPLIST_KEY_UILaunchScreen_Generation[sdk=iphoneos*]" = YES;
				"INFOPLIST_KEY_UILaunchScreen_Generation[sdk=iphonesimulator*]" = YES;
				"INFOPLIST_KEY_UIStatusBarStyle[sdk=iphoneos*]" = UIStatusBarStyleDefault;
				"INFOPLIST_KEY_UIStatusBarStyle[sdk=iphonesimulator*]" = UIStatusBarStyleDefault;
				INFOPLIST_KEY_UISupportedInterfaceOrientations_iPad = "UIInterfaceOrientationPortrait UIInterfaceOrientationPortraitUpsideDown UIInterfaceOrientationLandscapeLeft UIInterfaceOrientationLandscapeRight";
				INFOPLIST_KEY_UISupportedInterfaceOrientations_iPhone = "UIInterfaceOrientationPortrait UIInterfaceOrientationLandscapeLeft UIInterfaceOrientationLandscapeRight";
				IPHONEOS_DEPLOYMENT_TARGET = 17.2;
				LD_RUNPATH_SEARCH_PATHS = "@executable_path/Frameworks";
				"LD_RUNPATH_SEARCH_PATHS[sdk=macosx*]" = "@executable_path/../Frameworks";
				MACOSX_DEPLOYMENT_TARGET = 14.1;
				MARKETING_VERSION = 1.0;
				PRODUCT_BUNDLE_IDENTIFIER = com.TheCooldeveloper.VivariumSOPs;
				PRODUCT_NAME = "$(TARGET_NAME)";
				PROVISIONING_PROFILE_SPECIFIER = "";
				SDKROOT = auto;
				SUPPORTED_PLATFORMS = "iphoneos iphonesimulator macosx";
				SWIFT_EMIT_LOC_STRINGS = YES;
				SWIFT_VERSION = 5.0;
				TARGETED_DEVICE_FAMILY = "1,2";
			};
			name = Debug;
		};
		5B5B21D02C8691F60043C3B4 /* Release */ = {
			isa = XCBuildConfiguration;
			buildSettings = {
				ASSETCATALOG_COMPILER_APPICON_NAME = AppIcon;
				ASSETCATALOG_COMPILER_GLOBAL_ACCENT_COLOR_NAME = AccentColor;
				CODE_SIGN_ENTITLEMENTS = VivariumSOP/VivariumSOP.entitlements;
				CODE_SIGN_IDENTITY = "Apple Development";
				CODE_SIGN_STYLE = Automatic;
				CURRENT_PROJECT_VERSION = 1;
				DEVELOPMENT_ASSET_PATHS = "\"VivariumSOP/Preview Content\"";
				DEVELOPMENT_TEAM = C3H3F2K42A;
				ENABLE_HARDENED_RUNTIME = YES;
				ENABLE_PREVIEWS = YES;
				GENERATE_INFOPLIST_FILE = YES;
				INFOPLIST_FILE = VivariumSOP/Info.plist;
				INFOPLIST_KEY_CFBundleDisplayName = VivariumSOP;
				INFOPLIST_KEY_LSApplicationCategoryType = "";
				INFOPLIST_KEY_NSDownloadsFolderUsageDescription = 1.0;
				"INFOPLIST_KEY_UIApplicationSceneManifest_Generation[sdk=iphoneos*]" = YES;
				"INFOPLIST_KEY_UIApplicationSceneManifest_Generation[sdk=iphonesimulator*]" = YES;
				"INFOPLIST_KEY_UIApplicationSupportsIndirectInputEvents[sdk=iphoneos*]" = YES;
				"INFOPLIST_KEY_UIApplicationSupportsIndirectInputEvents[sdk=iphonesimulator*]" = YES;
				"INFOPLIST_KEY_UILaunchScreen_Generation[sdk=iphoneos*]" = YES;
				"INFOPLIST_KEY_UILaunchScreen_Generation[sdk=iphonesimulator*]" = YES;
				"INFOPLIST_KEY_UIStatusBarStyle[sdk=iphoneos*]" = UIStatusBarStyleDefault;
				"INFOPLIST_KEY_UIStatusBarStyle[sdk=iphonesimulator*]" = UIStatusBarStyleDefault;
				INFOPLIST_KEY_UISupportedInterfaceOrientations_iPad = "UIInterfaceOrientationPortrait UIInterfaceOrientationPortraitUpsideDown UIInterfaceOrientationLandscapeLeft UIInterfaceOrientationLandscapeRight";
				INFOPLIST_KEY_UISupportedInterfaceOrientations_iPhone = "UIInterfaceOrientationPortrait UIInterfaceOrientationLandscapeLeft UIInterfaceOrientationLandscapeRight";
				IPHONEOS_DEPLOYMENT_TARGET = 17.2;
				LD_RUNPATH_SEARCH_PATHS = "@executable_path/Frameworks";
				"LD_RUNPATH_SEARCH_PATHS[sdk=macosx*]" = "@executable_path/../Frameworks";
				MACOSX_DEPLOYMENT_TARGET = 14.1;
				MARKETING_VERSION = 1.0;
				PRODUCT_BUNDLE_IDENTIFIER = com.TheCooldeveloper.VivariumSOPs;
				PRODUCT_NAME = "$(TARGET_NAME)";
				PROVISIONING_PROFILE_SPECIFIER = "";
				SDKROOT = auto;
				SUPPORTED_PLATFORMS = "iphoneos iphonesimulator macosx";
				SWIFT_EMIT_LOC_STRINGS = YES;
				SWIFT_VERSION = 5.0;
				TARGETED_DEVICE_FAMILY = "1,2";
			};
			name = Release;
		};
		5B5B21D22C8691F60043C3B4 /* Debug */ = {
			isa = XCBuildConfiguration;
			buildSettings = {
				ALWAYS_EMBED_SWIFT_STANDARD_LIBRARIES = YES;
				BUNDLE_LOADER = "$(TEST_HOST)";
				CODE_SIGN_STYLE = Automatic;
				CURRENT_PROJECT_VERSION = 1;
				DEVELOPMENT_TEAM = C3H3F2K42A;
				GENERATE_INFOPLIST_FILE = YES;
				IPHONEOS_DEPLOYMENT_TARGET = 17.2;
				MACOSX_DEPLOYMENT_TARGET = 14.1;
				MARKETING_VERSION = 1.0;
				PRODUCT_BUNDLE_IDENTIFIER = com.TheCooldeveloper.VivariumSOPTests;
				PRODUCT_NAME = "$(TARGET_NAME)";
				SDKROOT = auto;
				SUPPORTED_PLATFORMS = "iphoneos iphonesimulator macosx";
				SWIFT_EMIT_LOC_STRINGS = NO;
				SWIFT_VERSION = 5.0;
				TARGETED_DEVICE_FAMILY = "1,2";
				TEST_HOST = "$(BUILT_PRODUCTS_DIR)/VivariumSOP.app/$(BUNDLE_EXECUTABLE_FOLDER_PATH)/VivariumSOP";
			};
			name = Debug;
		};
		5B5B21D32C8691F60043C3B4 /* Release */ = {
			isa = XCBuildConfiguration;
			buildSettings = {
				ALWAYS_EMBED_SWIFT_STANDARD_LIBRARIES = YES;
				BUNDLE_LOADER = "$(TEST_HOST)";
				CODE_SIGN_STYLE = Automatic;
				CURRENT_PROJECT_VERSION = 1;
				DEVELOPMENT_TEAM = C3H3F2K42A;
				GENERATE_INFOPLIST_FILE = YES;
				IPHONEOS_DEPLOYMENT_TARGET = 17.2;
				MACOSX_DEPLOYMENT_TARGET = 14.1;
				MARKETING_VERSION = 1.0;
				PRODUCT_BUNDLE_IDENTIFIER = com.TheCooldeveloper.VivariumSOPTests;
				PRODUCT_NAME = "$(TARGET_NAME)";
				SDKROOT = auto;
				SUPPORTED_PLATFORMS = "iphoneos iphonesimulator macosx";
				SWIFT_EMIT_LOC_STRINGS = NO;
				SWIFT_VERSION = 5.0;
				TARGETED_DEVICE_FAMILY = "1,2";
				TEST_HOST = "$(BUILT_PRODUCTS_DIR)/VivariumSOP.app/$(BUNDLE_EXECUTABLE_FOLDER_PATH)/VivariumSOP";
			};
			name = Release;
		};
		5B5B21D52C8691F60043C3B4 /* Debug */ = {
			isa = XCBuildConfiguration;
			buildSettings = {
				ALWAYS_EMBED_SWIFT_STANDARD_LIBRARIES = YES;
				CODE_SIGN_STYLE = Automatic;
				CURRENT_PROJECT_VERSION = 1;
				DEVELOPMENT_TEAM = C3H3F2K42A;
				GENERATE_INFOPLIST_FILE = YES;
				IPHONEOS_DEPLOYMENT_TARGET = 17.2;
				MACOSX_DEPLOYMENT_TARGET = 14.1;
				MARKETING_VERSION = 1.0;
				PRODUCT_BUNDLE_IDENTIFIER = com.TheCooldeveloper.VivariumSOPUITests;
				PRODUCT_NAME = "$(TARGET_NAME)";
				SDKROOT = auto;
				SUPPORTED_PLATFORMS = "iphoneos iphonesimulator macosx";
				SWIFT_EMIT_LOC_STRINGS = NO;
				SWIFT_VERSION = 5.0;
				TARGETED_DEVICE_FAMILY = "1,2";
				TEST_TARGET_NAME = VivariumSOP;
			};
			name = Debug;
		};
		5B5B21D62C8691F60043C3B4 /* Release */ = {
			isa = XCBuildConfiguration;
			buildSettings = {
				ALWAYS_EMBED_SWIFT_STANDARD_LIBRARIES = YES;
				CODE_SIGN_STYLE = Automatic;
				CURRENT_PROJECT_VERSION = 1;
				DEVELOPMENT_TEAM = C3H3F2K42A;
				GENERATE_INFOPLIST_FILE = YES;
				IPHONEOS_DEPLOYMENT_TARGET = 17.2;
				MACOSX_DEPLOYMENT_TARGET = 14.1;
				MARKETING_VERSION = 1.0;
				PRODUCT_BUNDLE_IDENTIFIER = com.TheCooldeveloper.VivariumSOPUITests;
				PRODUCT_NAME = "$(TARGET_NAME)";
				SDKROOT = auto;
				SUPPORTED_PLATFORMS = "iphoneos iphonesimulator macosx";
				SWIFT_EMIT_LOC_STRINGS = NO;
				SWIFT_VERSION = 5.0;
				TARGETED_DEVICE_FAMILY = "1,2";
				TEST_TARGET_NAME = VivariumSOP;
			};
			name = Release;
		};
/* End XCBuildConfiguration section */

/* Begin XCConfigurationList section */
		5B5B21A42C8691F50043C3B4 /* Build configuration list for PBXProject "VivariumSOP" */ = {
			isa = XCConfigurationList;
			buildConfigurations = (
				5B5B21CC2C8691F60043C3B4 /* Debug */,
				5B5B21CD2C8691F60043C3B4 /* Release */,
			);
			defaultConfigurationIsVisible = 0;
			defaultConfigurationName = Release;
		};
		5B5B21CE2C8691F60043C3B4 /* Build configuration list for PBXNativeTarget "VivariumSOP" */ = {
			isa = XCConfigurationList;
			buildConfigurations = (
				5B5B21CF2C8691F60043C3B4 /* Debug */,
				5B5B21D02C8691F60043C3B4 /* Release */,
			);
			defaultConfigurationIsVisible = 0;
			defaultConfigurationName = Release;
		};
		5B5B21D12C8691F60043C3B4 /* Build configuration list for PBXNativeTarget "VivariumSOPTests" */ = {
			isa = XCConfigurationList;
			buildConfigurations = (
				5B5B21D22C8691F60043C3B4 /* Debug */,
				5B5B21D32C8691F60043C3B4 /* Release */,
			);
			defaultConfigurationIsVisible = 0;
			defaultConfigurationName = Release;
		};
		5B5B21D42C8691F60043C3B4 /* Build configuration list for PBXNativeTarget "VivariumSOPUITests" */ = {
			isa = XCConfigurationList;
			buildConfigurations = (
				5B5B21D52C8691F60043C3B4 /* Debug */,
				5B5B21D62C8691F60043C3B4 /* Release */,
			);
			defaultConfigurationIsVisible = 0;
			defaultConfigurationName = Release;
		};
/* End XCConfigurationList section */

/* Begin XCRemoteSwiftPackageReference section */
		5B5B21FD2C8695B80043C3B4 /* XCRemoteSwiftPackageReference "CoreXLSX" */ = {
			isa = XCRemoteSwiftPackageReference;
			repositoryURL = "https://github.com/CoreOffice/CoreXLSX";
			requirement = {
				kind = upToNextMajorVersion;
				minimumVersion = 0.14.2;
			};
		};
		5B5B22182C86983F0043C3B4 /* XCRemoteSwiftPackageReference "firebase-ios-sdk" */ = {
			isa = XCRemoteSwiftPackageReference;
			repositoryURL = "https://github.com/firebase/firebase-ios-sdk";
			requirement = {
				kind = exactVersion;
				version = 10.20.0;
			};
		};
		5BA3523C2C8C38EF004FFB8E /* XCRemoteSwiftPackageReference "OpenAI" */ = {
			isa = XCRemoteSwiftPackageReference;
			repositoryURL = "https://github.com/MacPaw/OpenAI.git";
			requirement = {
				kind = upToNextMajorVersion;
				minimumVersion = 0.3.0;
			};
		};
/* End XCRemoteSwiftPackageReference section */

/* Begin XCSwiftPackageProductDependency section */
		5B5B21FE2C8695B80043C3B4 /* CoreXLSX */ = {
			isa = XCSwiftPackageProductDependency;
			package = 5B5B21FD2C8695B80043C3B4 /* XCRemoteSwiftPackageReference "CoreXLSX" */;
			productName = CoreXLSX;
		};
		5B5B22192C86983F0043C3B4 /* FirebaseAnalytics */ = {
			isa = XCSwiftPackageProductDependency;
			package = 5B5B22182C86983F0043C3B4 /* XCRemoteSwiftPackageReference "firebase-ios-sdk" */;
			productName = FirebaseAnalytics;
		};
		5B5B221B2C86983F0043C3B4 /* FirebaseAnalyticsSwift */ = {
			isa = XCSwiftPackageProductDependency;
			package = 5B5B22182C86983F0043C3B4 /* XCRemoteSwiftPackageReference "firebase-ios-sdk" */;
			productName = FirebaseAnalyticsSwift;
		};
		5B5B221D2C86983F0043C3B4 /* FirebaseAppCheck */ = {
			isa = XCSwiftPackageProductDependency;
			package = 5B5B22182C86983F0043C3B4 /* XCRemoteSwiftPackageReference "firebase-ios-sdk" */;
			productName = FirebaseAppCheck;
		};
		5B5B221F2C86983F0043C3B4 /* FirebaseAuth */ = {
			isa = XCSwiftPackageProductDependency;
			package = 5B5B22182C86983F0043C3B4 /* XCRemoteSwiftPackageReference "firebase-ios-sdk" */;
			productName = FirebaseAuth;
		};
		5B5B22212C86983F0043C3B4 /* FirebaseCrashlytics */ = {
			isa = XCSwiftPackageProductDependency;
			package = 5B5B22182C86983F0043C3B4 /* XCRemoteSwiftPackageReference "firebase-ios-sdk" */;
			productName = FirebaseCrashlytics;
		};
		5B5B22232C86983F0043C3B4 /* FirebaseFirestore */ = {
			isa = XCSwiftPackageProductDependency;
			package = 5B5B22182C86983F0043C3B4 /* XCRemoteSwiftPackageReference "firebase-ios-sdk" */;
			productName = FirebaseFirestore;
		};
		5B5B22252C86983F0043C3B4 /* FirebaseFirestoreSwift */ = {
			isa = XCSwiftPackageProductDependency;
			package = 5B5B22182C86983F0043C3B4 /* XCRemoteSwiftPackageReference "firebase-ios-sdk" */;
			productName = FirebaseFirestoreSwift;
		};
		5B5B22272C86983F0043C3B4 /* FirebaseFunctions */ = {
			isa = XCSwiftPackageProductDependency;
			package = 5B5B22182C86983F0043C3B4 /* XCRemoteSwiftPackageReference "firebase-ios-sdk" */;
			productName = FirebaseFunctions;
		};
		5B5B22292C86983F0043C3B4 /* FirebaseInAppMessaging-Beta */ = {
			isa = XCSwiftPackageProductDependency;
			package = 5B5B22182C86983F0043C3B4 /* XCRemoteSwiftPackageReference "firebase-ios-sdk" */;
			productName = "FirebaseInAppMessaging-Beta";
		};
		5B5B222B2C86983F0043C3B4 /* FirebaseMessaging */ = {
			isa = XCSwiftPackageProductDependency;
			package = 5B5B22182C86983F0043C3B4 /* XCRemoteSwiftPackageReference "firebase-ios-sdk" */;
			productName = FirebaseMessaging;
		};
		5B5B222D2C86983F0043C3B4 /* FirebaseStorage */ = {
			isa = XCSwiftPackageProductDependency;
			package = 5B5B22182C86983F0043C3B4 /* XCRemoteSwiftPackageReference "firebase-ios-sdk" */;
			productName = FirebaseStorage;
		};
		5BA3523D2C8C38EF004FFB8E /* OpenAI */ = {
			isa = XCSwiftPackageProductDependency;
			package = 5BA3523C2C8C38EF004FFB8E /* XCRemoteSwiftPackageReference "OpenAI" */;
			productName = OpenAI;
		};
/* End XCSwiftPackageProductDependency section */
	};
	rootObject = 5B5B21A12C8691F50043C3B4 /* Project object */;
}
